
Microsoft Visual Studio Solution File, Format Version 12.00
# Visual Studio 14
VisualStudioVersion = 14.0.25420.1
MinimumVisualStudioVersion = 10.0.40219.1
Project("{FAE04EC0-301F-11D3-BF4B-00C04F79EFBC}") = "BarCodeReader.Droid", "BarCodeReader\BarCodeReader.Droid\BarCodeReader.Droid.csproj", "{1B9A7A48-AECB-48EC-AD20-12C77A1302DD}"
EndProject
Project("{FAE04EC0-301F-11D3-BF4B-00C04F79EFBC}") = "BarCodeReader.iOS", "BarCodeReader\BarCodeReader.iOS\BarCodeReader.iOS.csproj", "{34C3D00E-13F3-4B98-BB37-442BFDB3E16A}"
EndProject
Project("{FAE04EC0-301F-11D3-BF4B-00C04F79EFBC}") = "BarCodeReader.WinPhone", "BarCodeReader\BarCodeReader.WinPhone\BarCodeReader.WinPhone.csproj", "{39617313-A771-47A1-94A1-A0C8670485AB}"
EndProject
Project("{FAE04EC0-301F-11D3-BF4B-00C04F79EFBC}") = "BarCodeReader.Windows", "BarCodeReader\BarCodeReader.Windows\BarCodeReader.Windows.csproj", "{8EF66955-059E-4A32-82EA-79C8E7A98961}"
EndProject
Project("{FAE04EC0-301F-11D3-BF4B-00C04F79EFBC}") = "BarCodeReader", "BarCodeReader\BarCodeReader\BarCodeReader.csproj", "{90A47197-5387-43AB-B3B9-B75942607841}"
EndProject
Global
	GlobalSection(SolutionConfigurationPlatforms) = preSolution
		Ad-Hoc|Any CPU = Ad-Hoc|Any CPU
		Ad-Hoc|ARM = Ad-Hoc|ARM
		Ad-Hoc|iPhone = Ad-Hoc|iPhone
		Ad-Hoc|iPhoneSimulator = Ad-Hoc|iPhoneSimulator
		Ad-Hoc|x64 = Ad-Hoc|x64
		Ad-Hoc|x86 = Ad-Hoc|x86
		AppStore|Any CPU = AppStore|Any CPU
		AppStore|ARM = AppStore|ARM
		AppStore|iPhone = AppStore|iPhone
		AppStore|iPhoneSimulator = AppStore|iPhoneSimulator
		AppStore|x64 = AppStore|x64
		AppStore|x86 = AppStore|x86
		Debug|Any CPU = Debug|Any CPU
		Debug|ARM = Debug|ARM
		Debug|iPhone = Debug|iPhone
		Debug|iPhoneSimulator = Debug|iPhoneSimulator
		Debug|x64 = Debug|x64
		Debug|x86 = Debug|x86
		Release|Any CPU = Release|Any CPU
		Release|ARM = Release|ARM
		Release|iPhone = Release|iPhone
		Release|iPhoneSimulator = Release|iPhoneSimulator
		Release|x64 = Release|x64
		Release|x86 = Release|x86
	EndGlobalSection
	GlobalSection(ProjectConfigurationPlatforms) = postSolution
		{1B9A7A48-AECB-48EC-AD20-12C77A1302DD}.Ad-Hoc|Any CPU.ActiveCfg = Release|Any CPU
		{1B9A7A48-AECB-48EC-AD20-12C77A1302DD}.Ad-Hoc|Any CPU.Build.0 = Release|Any CPU
		{1B9A7A48-AECB-48EC-AD20-12C77A1302DD}.Ad-Hoc|Any CPU.Deploy.0 = Release|Any CPU
		{1B9A7A48-AECB-48EC-AD20-12C77A1302DD}.Ad-Hoc|ARM.ActiveCfg = Release|Any CPU
		{1B9A7A48-AECB-48EC-AD20-12C77A1302DD}.Ad-Hoc|ARM.Build.0 = Release|Any CPU
		{1B9A7A48-AECB-48EC-AD20-12C77A1302DD}.Ad-Hoc|ARM.Deploy.0 = Release|Any CPU
		{1B9A7A48-AECB-48EC-AD20-12C77A1302DD}.Ad-Hoc|iPhone.ActiveCfg = Release|Any CPU
		{1B9A7A48-AECB-48EC-AD20-12C77A1302DD}.Ad-Hoc|iPhone.Build.0 = Release|Any CPU
		{1B9A7A48-AECB-48EC-AD20-12C77A1302DD}.Ad-Hoc|iPhone.Deploy.0 = Release|Any CPU
		{1B9A7A48-AECB-48EC-AD20-12C77A1302DD}.Ad-Hoc|iPhoneSimulator.ActiveCfg = Release|Any CPU
		{1B9A7A48-AECB-48EC-AD20-12C77A1302DD}.Ad-Hoc|iPhoneSimulator.Build.0 = Release|Any CPU
		{1B9A7A48-AECB-48EC-AD20-12C77A1302DD}.Ad-Hoc|iPhoneSimulator.Deploy.0 = Release|Any CPU
		{1B9A7A48-AECB-48EC-AD20-12C77A1302DD}.Ad-Hoc|x64.ActiveCfg = Release|Any CPU
		{1B9A7A48-AECB-48EC-AD20-12C77A1302DD}.Ad-Hoc|x64.Build.0 = Release|Any CPU
		{1B9A7A48-AECB-48EC-AD20-12C77A1302DD}.Ad-Hoc|x64.Deploy.0 = Release|Any CPU
		{1B9A7A48-AECB-48EC-AD20-12C77A1302DD}.Ad-Hoc|x86.ActiveCfg = Release|Any CPU
		{1B9A7A48-AECB-48EC-AD20-12C77A1302DD}.Ad-Hoc|x86.Build.0 = Release|Any CPU
		{1B9A7A48-AECB-48EC-AD20-12C77A1302DD}.Ad-Hoc|x86.Deploy.0 = Release|Any CPU
		{1B9A7A48-AECB-48EC-AD20-12C77A1302DD}.AppStore|Any CPU.ActiveCfg = Release|Any CPU
		{1B9A7A48-AECB-48EC-AD20-12C77A1302DD}.AppStore|Any CPU.Build.0 = Release|Any CPU
		{1B9A7A48-AECB-48EC-AD20-12C77A1302DD}.AppStore|Any CPU.Deploy.0 = Release|Any CPU
		{1B9A7A48-AECB-48EC-AD20-12C77A1302DD}.AppStore|ARM.ActiveCfg = Release|Any CPU
		{1B9A7A48-AECB-48EC-AD20-12C77A1302DD}.AppStore|ARM.Build.0 = Release|Any CPU
		{1B9A7A48-AECB-48EC-AD20-12C77A1302DD}.AppStore|ARM.Deploy.0 = Release|Any CPU
		{1B9A7A48-AECB-48EC-AD20-12C77A1302DD}.AppStore|iPhone.ActiveCfg = Release|Any CPU
		{1B9A7A48-AECB-48EC-AD20-12C77A1302DD}.AppStore|iPhone.Build.0 = Release|Any CPU
		{1B9A7A48-AECB-48EC-AD20-12C77A1302DD}.AppStore|iPhone.Deploy.0 = Release|Any CPU
		{1B9A7A48-AECB-48EC-AD20-12C77A1302DD}.AppStore|iPhoneSimulator.ActiveCfg = Release|Any CPU
		{1B9A7A48-AECB-48EC-AD20-12C77A1302DD}.AppStore|iPhoneSimulator.Build.0 = Release|Any CPU
		{1B9A7A48-AECB-48EC-AD20-12C77A1302DD}.AppStore|iPhoneSimulator.Deploy.0 = Release|Any CPU
		{1B9A7A48-AECB-48EC-AD20-12C77A1302DD}.AppStore|x64.ActiveCfg = Release|Any CPU
		{1B9A7A48-AECB-48EC-AD20-12C77A1302DD}.AppStore|x64.Build.0 = Release|Any CPU
		{1B9A7A48-AECB-48EC-AD20-12C77A1302DD}.AppStore|x64.Deploy.0 = Release|Any CPU
		{1B9A7A48-AECB-48EC-AD20-12C77A1302DD}.AppStore|x86.ActiveCfg = Release|Any CPU
		{1B9A7A48-AECB-48EC-AD20-12C77A1302DD}.AppStore|x86.Build.0 = Release|Any CPU
		{1B9A7A48-AECB-48EC-AD20-12C77A1302DD}.AppStore|x86.Deploy.0 = Release|Any CPU
		{1B9A7A48-AECB-48EC-AD20-12C77A1302DD}.Debug|Any CPU.ActiveCfg = Debug|Any CPU
		{1B9A7A48-AECB-48EC-AD20-12C77A1302DD}.Debug|Any CPU.Build.0 = Debug|Any CPU
		{1B9A7A48-AECB-48EC-AD20-12C77A1302DD}.Debug|Any CPU.Deploy.0 = Debug|Any CPU
		{1B9A7A48-AECB-48EC-AD20-12C77A1302DD}.Debug|ARM.ActiveCfg = Debug|Any CPU
		{1B9A7A48-AECB-48EC-AD20-12C77A1302DD}.Debug|ARM.Build.0 = Debug|Any CPU
		{1B9A7A48-AECB-48EC-AD20-12C77A1302DD}.Debug|ARM.Deploy.0 = Debug|Any CPU
		{1B9A7A48-AECB-48EC-AD20-12C77A1302DD}.Debug|iPhone.ActiveCfg = Debug|Any CPU
		{1B9A7A48-AECB-48EC-AD20-12C77A1302DD}.Debug|iPhone.Build.0 = Debug|Any CPU
		{1B9A7A48-AECB-48EC-AD20-12C77A1302DD}.Debug|iPhone.Deploy.0 = Debug|Any CPU
		{1B9A7A48-AECB-48EC-AD20-12C77A1302DD}.Debug|iPhoneSimulator.ActiveCfg = Debug|Any CPU
		{1B9A7A48-AECB-48EC-AD20-12C77A1302DD}.Debug|iPhoneSimulator.Build.0 = Debug|Any CPU
		{1B9A7A48-AECB-48EC-AD20-12C77A1302DD}.Debug|iPhoneSimulator.Deploy.0 = Debug|Any CPU
		{1B9A7A48-AECB-48EC-AD20-12C77A1302DD}.Debug|x64.ActiveCfg = Debug|Any CPU
		{1B9A7A48-AECB-48EC-AD20-12C77A1302DD}.Debug|x64.Build.0 = Debug|Any CPU
		{1B9A7A48-AECB-48EC-AD20-12C77A1302DD}.Debug|x64.Deploy.0 = Debug|Any CPU
		{1B9A7A48-AECB-48EC-AD20-12C77A1302DD}.Debug|x86.ActiveCfg = Debug|Any CPU
		{1B9A7A48-AECB-48EC-AD20-12C77A1302DD}.Debug|x86.Build.0 = Debug|Any CPU
		{1B9A7A48-AECB-48EC-AD20-12C77A1302DD}.Debug|x86.Deploy.0 = Debug|Any CPU
		{1B9A7A48-AECB-48EC-AD20-12C77A1302DD}.Release|Any CPU.ActiveCfg = Release|Any CPU
		{1B9A7A48-AECB-48EC-AD20-12C77A1302DD}.Release|Any CPU.Build.0 = Release|Any CPU
		{1B9A7A48-AECB-48EC-AD20-12C77A1302DD}.Release|Any CPU.Deploy.0 = Release|Any CPU
		{1B9A7A48-AECB-48EC-AD20-12C77A1302DD}.Release|ARM.ActiveCfg = Release|Any CPU
		{1B9A7A48-AECB-48EC-AD20-12C77A1302DD}.Release|ARM.Build.0 = Release|Any CPU
		{1B9A7A48-AECB-48EC-AD20-12C77A1302DD}.Release|ARM.Deploy.0 = Release|Any CPU
		{1B9A7A48-AECB-48EC-AD20-12C77A1302DD}.Release|iPhone.ActiveCfg = Release|Any CPU
		{1B9A7A48-AECB-48EC-AD20-12C77A1302DD}.Release|iPhone.Build.0 = Release|Any CPU
		{1B9A7A48-AECB-48EC-AD20-12C77A1302DD}.Release|iPhone.Deploy.0 = Release|Any CPU
		{1B9A7A48-AECB-48EC-AD20-12C77A1302DD}.Release|iPhoneSimulator.ActiveCfg = Release|Any CPU
		{1B9A7A48-AECB-48EC-AD20-12C77A1302DD}.Release|iPhoneSimulator.Build.0 = Release|Any CPU
		{1B9A7A48-AECB-48EC-AD20-12C77A1302DD}.Release|iPhoneSimulator.Deploy.0 = Release|Any CPU
		{1B9A7A48-AECB-48EC-AD20-12C77A1302DD}.Release|x64.ActiveCfg = Release|Any CPU
		{1B9A7A48-AECB-48EC-AD20-12C77A1302DD}.Release|x64.Build.0 = Release|Any CPU
		{1B9A7A48-AECB-48EC-AD20-12C77A1302DD}.Release|x64.Deploy.0 = Release|Any CPU
		{1B9A7A48-AECB-48EC-AD20-12C77A1302DD}.Release|x86.ActiveCfg = Release|Any CPU
		{1B9A7A48-AECB-48EC-AD20-12C77A1302DD}.Release|x86.Build.0 = Release|Any CPU
		{1B9A7A48-AECB-48EC-AD20-12C77A1302DD}.Release|x86.Deploy.0 = Release|Any CPU
		{34C3D00E-13F3-4B98-BB37-442BFDB3E16A}.Ad-Hoc|Any CPU.ActiveCfg = Ad-Hoc|iPhone
		{34C3D00E-13F3-4B98-BB37-442BFDB3E16A}.Ad-Hoc|ARM.ActiveCfg = Ad-Hoc|iPhone
		{34C3D00E-13F3-4B98-BB37-442BFDB3E16A}.Ad-Hoc|iPhone.ActiveCfg = Ad-Hoc|iPhone
		{34C3D00E-13F3-4B98-BB37-442BFDB3E16A}.Ad-Hoc|iPhone.Build.0 = Ad-Hoc|iPhone
		{34C3D00E-13F3-4B98-BB37-442BFDB3E16A}.Ad-Hoc|iPhoneSimulator.ActiveCfg = Ad-Hoc|iPhoneSimulator
		{34C3D00E-13F3-4B98-BB37-442BFDB3E16A}.Ad-Hoc|iPhoneSimulator.Build.0 = Ad-Hoc|iPhoneSimulator
		{34C3D00E-13F3-4B98-BB37-442BFDB3E16A}.Ad-Hoc|x64.ActiveCfg = Ad-Hoc|iPhone
		{34C3D00E-13F3-4B98-BB37-442BFDB3E16A}.Ad-Hoc|x86.ActiveCfg = Ad-Hoc|iPhone
		{34C3D00E-13F3-4B98-BB37-442BFDB3E16A}.AppStore|Any CPU.ActiveCfg = AppStore|iPhone
		{34C3D00E-13F3-4B98-BB37-442BFDB3E16A}.AppStore|ARM.ActiveCfg = AppStore|iPhone
		{34C3D00E-13F3-4B98-BB37-442BFDB3E16A}.AppStore|iPhone.ActiveCfg = AppStore|iPhone
		{34C3D00E-13F3-4B98-BB37-442BFDB3E16A}.AppStore|iPhone.Build.0 = AppStore|iPhone
		{34C3D00E-13F3-4B98-BB37-442BFDB3E16A}.AppStore|iPhoneSimulator.ActiveCfg = AppStore|iPhoneSimulator
		{34C3D00E-13F3-4B98-BB37-442BFDB3E16A}.AppStore|iPhoneSimulator.Build.0 = AppStore|iPhoneSimulator
		{34C3D00E-13F3-4B98-BB37-442BFDB3E16A}.AppStore|x64.ActiveCfg = AppStore|iPhone
		{34C3D00E-13F3-4B98-BB37-442BFDB3E16A}.AppStore|x86.ActiveCfg = AppStore|iPhone
		{34C3D00E-13F3-4B98-BB37-442BFDB3E16A}.Debug|Any CPU.ActiveCfg = Debug|iPhone
		{34C3D00E-13F3-4B98-BB37-442BFDB3E16A}.Debug|ARM.ActiveCfg = Debug|iPhone
		{34C3D00E-13F3-4B98-BB37-442BFDB3E16A}.Debug|iPhone.ActiveCfg = Debug|iPhone
		{34C3D00E-13F3-4B98-BB37-442BFDB3E16A}.Debug|iPhone.Build.0 = Debug|iPhone
		{34C3D00E-13F3-4B98-BB37-442BFDB3E16A}.Debug|iPhoneSimulator.ActiveCfg = Debug|iPhoneSimulator
		{34C3D00E-13F3-4B98-BB37-442BFDB3E16A}.Debug|iPhoneSimulator.Build.0 = Debug|iPhoneSimulator
		{34C3D00E-13F3-4B98-BB37-442BFDB3E16A}.Debug|x64.ActiveCfg = Debug|iPhone
		{34C3D00E-13F3-4B98-BB37-442BFDB3E16A}.Debug|x86.ActiveCfg = Debug|iPhone
		{34C3D00E-13F3-4B98-BB37-442BFDB3E16A}.Release|Any CPU.ActiveCfg = Release|iPhone
		{34C3D00E-13F3-4B98-BB37-442BFDB3E16A}.Release|ARM.ActiveCfg = Release|iPhone
		{34C3D00E-13F3-4B98-BB37-442BFDB3E16A}.Release|iPhone.ActiveCfg = Release|iPhone
		{34C3D00E-13F3-4B98-BB37-442BFDB3E16A}.Release|iPhone.Build.0 = Release|iPhone
		{34C3D00E-13F3-4B98-BB37-442BFDB3E16A}.Release|iPhoneSimulator.ActiveCfg = Release|iPhoneSimulator
		{34C3D00E-13F3-4B98-BB37-442BFDB3E16A}.Release|iPhoneSimulator.Build.0 = Release|iPhoneSimulator
		{34C3D00E-13F3-4B98-BB37-442BFDB3E16A}.Release|x64.ActiveCfg = Release|iPhone
		{34C3D00E-13F3-4B98-BB37-442BFDB3E16A}.Release|x86.ActiveCfg = Release|iPhone
		{39617313-A771-47A1-94A1-A0C8670485AB}.Ad-Hoc|Any CPU.ActiveCfg = Release|Any CPU
		{39617313-A771-47A1-94A1-A0C8670485AB}.Ad-Hoc|Any CPU.Build.0 = Release|Any CPU
		{39617313-A771-47A1-94A1-A0C8670485AB}.Ad-Hoc|Any CPU.Deploy.0 = Release|Any CPU
		{39617313-A771-47A1-94A1-A0C8670485AB}.Ad-Hoc|ARM.ActiveCfg = Release|ARM
		{39617313-A771-47A1-94A1-A0C8670485AB}.Ad-Hoc|ARM.Build.0 = Release|ARM
		{39617313-A771-47A1-94A1-A0C8670485AB}.Ad-Hoc|ARM.Deploy.0 = Release|ARM
		{39617313-A771-47A1-94A1-A0C8670485AB}.Ad-Hoc|iPhone.ActiveCfg = Release|Any CPU
		{39617313-A771-47A1-94A1-A0C8670485AB}.Ad-Hoc|iPhone.Build.0 = Release|Any CPU
		{39617313-A771-47A1-94A1-A0C8670485AB}.Ad-Hoc|iPhone.Deploy.0 = Release|Any CPU
		{39617313-A771-47A1-94A1-A0C8670485AB}.Ad-Hoc|iPhoneSimulator.ActiveCfg = Release|Any CPU
		{39617313-A771-47A1-94A1-A0C8670485AB}.Ad-Hoc|iPhoneSimulator.Build.0 = Release|Any CPU
		{39617313-A771-47A1-94A1-A0C8670485AB}.Ad-Hoc|iPhoneSimulator.Deploy.0 = Release|Any CPU
		{39617313-A771-47A1-94A1-A0C8670485AB}.Ad-Hoc|x64.ActiveCfg = Release|Any CPU
		{39617313-A771-47A1-94A1-A0C8670485AB}.Ad-Hoc|x64.Build.0 = Release|Any CPU
		{39617313-A771-47A1-94A1-A0C8670485AB}.Ad-Hoc|x64.Deploy.0 = Release|Any CPU
		{39617313-A771-47A1-94A1-A0C8670485AB}.Ad-Hoc|x86.ActiveCfg = Release|x86
		{39617313-A771-47A1-94A1-A0C8670485AB}.Ad-Hoc|x86.Build.0 = Release|x86
		{39617313-A771-47A1-94A1-A0C8670485AB}.Ad-Hoc|x86.Deploy.0 = Release|x86
		{39617313-A771-47A1-94A1-A0C8670485AB}.AppStore|Any CPU.ActiveCfg = Release|Any CPU
		{39617313-A771-47A1-94A1-A0C8670485AB}.AppStore|Any CPU.Build.0 = Release|Any CPU
		{39617313-A771-47A1-94A1-A0C8670485AB}.AppStore|Any CPU.Deploy.0 = Release|Any CPU
		{39617313-A771-47A1-94A1-A0C8670485AB}.AppStore|ARM.ActiveCfg = Release|ARM
		{39617313-A771-47A1-94A1-A0C8670485AB}.AppStore|ARM.Build.0 = Release|ARM
		{39617313-A771-47A1-94A1-A0C8670485AB}.AppStore|ARM.Deploy.0 = Release|ARM
		{39617313-A771-47A1-94A1-A0C8670485AB}.AppStore|iPhone.ActiveCfg = Release|Any CPU
		{39617313-A771-47A1-94A1-A0C8670485AB}.AppStore|iPhone.Build.0 = Release|Any CPU
		{39617313-A771-47A1-94A1-A0C8670485AB}.AppStore|iPhone.Deploy.0 = Release|Any CPU
		{39617313-A771-47A1-94A1-A0C8670485AB}.AppStore|iPhoneSimulator.ActiveCfg = Release|Any CPU
		{39617313-A771-47A1-94A1-A0C8670485AB}.AppStore|iPhoneSimulator.Build.0 = Release|Any CPU
		{39617313-A771-47A1-94A1-A0C8670485AB}.AppStore|iPhoneSimulator.Deploy.0 = Release|Any CPU
		{39617313-A771-47A1-94A1-A0C8670485AB}.AppStore|x64.ActiveCfg = Release|Any CPU
		{39617313-A771-47A1-94A1-A0C8670485AB}.AppStore|x64.Build.0 = Release|Any CPU
		{39617313-A771-47A1-94A1-A0C8670485AB}.AppStore|x64.Deploy.0 = Release|Any CPU
		{39617313-A771-47A1-94A1-A0C8670485AB}.AppStore|x86.ActiveCfg = Release|x86
		{39617313-A771-47A1-94A1-A0C8670485AB}.AppStore|x86.Build.0 = Release|x86
		{39617313-A771-47A1-94A1-A0C8670485AB}.AppStore|x86.Deploy.0 = Release|x86
		{39617313-A771-47A1-94A1-A0C8670485AB}.Debug|Any CPU.ActiveCfg = Debug|Any CPU
		{39617313-A771-47A1-94A1-A0C8670485AB}.Debug|Any CPU.Build.0 = Debug|Any CPU
		{39617313-A771-47A1-94A1-A0C8670485AB}.Debug|Any CPU.Deploy.0 = Debug|Any CPU
		{39617313-A771-47A1-94A1-A0C8670485AB}.Debug|ARM.ActiveCfg = Debug|ARM
		{39617313-A771-47A1-94A1-A0C8670485AB}.Debug|ARM.Build.0 = Debug|ARM
		{39617313-A771-47A1-94A1-A0C8670485AB}.Debug|ARM.Deploy.0 = Debug|ARM
		{39617313-A771-47A1-94A1-A0C8670485AB}.Debug|iPhone.ActiveCfg = Debug|Any CPU
		{39617313-A771-47A1-94A1-A0C8670485AB}.Debug|iPhone.Build.0 = Debug|Any CPU
		{39617313-A771-47A1-94A1-A0C8670485AB}.Debug|iPhone.Deploy.0 = Debug|Any CPU
		{39617313-A771-47A1-94A1-A0C8670485AB}.Debug|iPhoneSimulator.ActiveCfg = Debug|Any CPU
		{39617313-A771-47A1-94A1-A0C8670485AB}.Debug|iPhoneSimulator.Build.0 = Debug|Any CPU
		{39617313-A771-47A1-94A1-A0C8670485AB}.Debug|iPhoneSimulator.Deploy.0 = Debug|Any CPU
		{39617313-A771-47A1-94A1-A0C8670485AB}.Debug|x64.ActiveCfg = Debug|Any CPU
		{39617313-A771-47A1-94A1-A0C8670485AB}.Debug|x64.Build.0 = Debug|Any CPU
		{39617313-A771-47A1-94A1-A0C8670485AB}.Debug|x64.Deploy.0 = Debug|Any CPU
		{39617313-A771-47A1-94A1-A0C8670485AB}.Debug|x86.ActiveCfg = Debug|x86
		{39617313-A771-47A1-94A1-A0C8670485AB}.Debug|x86.Build.0 = Debug|x86
		{39617313-A771-47A1-94A1-A0C8670485AB}.Debug|x86.Deploy.0 = Debug|x86
		{39617313-A771-47A1-94A1-A0C8670485AB}.Release|Any CPU.ActiveCfg = Release|Any CPU
		{39617313-A771-47A1-94A1-A0C8670485AB}.Release|Any CPU.Build.0 = Release|Any CPU
		{39617313-A771-47A1-94A1-A0C8670485AB}.Release|Any CPU.Deploy.0 = Release|Any CPU
		{39617313-A771-47A1-94A1-A0C8670485AB}.Release|ARM.ActiveCfg = Release|ARM
		{39617313-A771-47A1-94A1-A0C8670485AB}.Release|ARM.Build.0 = Release|ARM
		{39617313-A771-47A1-94A1-A0C8670485AB}.Release|ARM.Deploy.0 = Release|ARM
		{39617313-A771-47A1-94A1-A0C8670485AB}.Release|iPhone.ActiveCfg = Release|Any CPU
		{39617313-A771-47A1-94A1-A0C8670485AB}.Release|iPhone.Build.0 = Release|Any CPU
		{39617313-A771-47A1-94A1-A0C8670485AB}.Release|iPhone.Deploy.0 = Release|Any CPU
		{39617313-A771-47A1-94A1-A0C8670485AB}.Release|iPhoneSimulator.ActiveCfg = Release|Any CPU
		{39617313-A771-47A1-94A1-A0C8670485AB}.Release|iPhoneSimulator.Build.0 = Release|Any CPU
		{39617313-A771-47A1-94A1-A0C8670485AB}.Release|iPhoneSimulator.Deploy.0 = Release|Any CPU
		{39617313-A771-47A1-94A1-A0C8670485AB}.Release|x64.ActiveCfg = Release|Any CPU
		{39617313-A771-47A1-94A1-A0C8670485AB}.Release|x64.Build.0 = Release|Any CPU
		{39617313-A771-47A1-94A1-A0C8670485AB}.Release|x64.Deploy.0 = Release|Any CPU
		{39617313-A771-47A1-94A1-A0C8670485AB}.Release|x86.ActiveCfg = Release|x86
		{39617313-A771-47A1-94A1-A0C8670485AB}.Release|x86.Build.0 = Release|x86
		{39617313-A771-47A1-94A1-A0C8670485AB}.Release|x86.Deploy.0 = Release|x86
		{8EF66955-059E-4A32-82EA-79C8E7A98961}.Ad-Hoc|Any CPU.ActiveCfg = Release|Any CPU
		{8EF66955-059E-4A32-82EA-79C8E7A98961}.Ad-Hoc|Any CPU.Build.0 = Release|Any CPU
		{8EF66955-059E-4A32-82EA-79C8E7A98961}.Ad-Hoc|Any CPU.Deploy.0 = Release|Any CPU
		{8EF66955-059E-4A32-82EA-79C8E7A98961}.Ad-Hoc|ARM.ActiveCfg = Release|ARM
		{8EF66955-059E-4A32-82EA-79C8E7A98961}.Ad-Hoc|ARM.Build.0 = Release|ARM
		{8EF66955-059E-4A32-82EA-79C8E7A98961}.Ad-Hoc|ARM.Deploy.0 = Release|ARM
		{8EF66955-059E-4A32-82EA-79C8E7A98961}.Ad-Hoc|iPhone.ActiveCfg = Release|Any CPU
		{8EF66955-059E-4A32-82EA-79C8E7A98961}.Ad-Hoc|iPhone.Build.0 = Release|Any CPU
		{8EF66955-059E-4A32-82EA-79C8E7A98961}.Ad-Hoc|iPhone.Deploy.0 = Release|Any CPU
		{8EF66955-059E-4A32-82EA-79C8E7A98961}.Ad-Hoc|iPhoneSimulator.ActiveCfg = Release|Any CPU
		{8EF66955-059E-4A32-82EA-79C8E7A98961}.Ad-Hoc|iPhoneSimulator.Build.0 = Release|Any CPU
		{8EF66955-059E-4A32-82EA-79C8E7A98961}.Ad-Hoc|iPhoneSimulator.Deploy.0 = Release|Any CPU
		{8EF66955-059E-4A32-82EA-79C8E7A98961}.Ad-Hoc|x64.ActiveCfg = Release|x64
		{8EF66955-059E-4A32-82EA-79C8E7A98961}.Ad-Hoc|x64.Build.0 = Release|x64
		{8EF66955-059E-4A32-82EA-79C8E7A98961}.Ad-Hoc|x64.Deploy.0 = Release|x64
		{8EF66955-059E-4A32-82EA-79C8E7A98961}.Ad-Hoc|x86.ActiveCfg = Release|x86
		{8EF66955-059E-4A32-82EA-79C8E7A98961}.Ad-Hoc|x86.Build.0 = Release|x86
		{8EF66955-059E-4A32-82EA-79C8E7A98961}.Ad-Hoc|x86.Deploy.0 = Release|x86
		{8EF66955-059E-4A32-82EA-79C8E7A98961}.AppStore|Any CPU.ActiveCfg = Release|Any CPU
		{8EF66955-059E-4A32-82EA-79C8E7A98961}.AppStore|Any CPU.Build.0 = Release|Any CPU
		{8EF66955-059E-4A32-82EA-79C8E7A98961}.AppStore|Any CPU.Deploy.0 = Release|Any CPU
		{8EF66955-059E-4A32-82EA-79C8E7A98961}.AppStore|ARM.ActiveCfg = Release|ARM
		{8EF66955-059E-4A32-82EA-79C8E7A98961}.AppStore|ARM.Build.0 = Release|ARM
		{8EF66955-059E-4A32-82EA-79C8E7A98961}.AppStore|ARM.Deploy.0 = Release|ARM
		{8EF66955-059E-4A32-82EA-79C8E7A98961}.AppStore|iPhone.ActiveCfg = Release|Any CPU
		{8EF66955-059E-4A32-82EA-79C8E7A98961}.AppStore|iPhone.Build.0 = Release|Any CPU
		{8EF66955-059E-4A32-82EA-79C8E7A98961}.AppStore|iPhone.Deploy.0 = Release|Any CPU
		{8EF66955-059E-4A32-82EA-79C8E7A98961}.AppStore|iPhoneSimulator.ActiveCfg = Release|Any CPU
		{8EF66955-059E-4A32-82EA-79C8E7A98961}.AppStore|iPhoneSimulator.Build.0 = Release|Any CPU
		{8EF66955-059E-4A32-82EA-79C8E7A98961}.AppStore|iPhoneSimulator.Deploy.0 = Release|Any CPU
		{8EF66955-059E-4A32-82EA-79C8E7A98961}.AppStore|x64.ActiveCfg = Release|x64
		{8EF66955-059E-4A32-82EA-79C8E7A98961}.AppStore|x64.Build.0 = Release|x64
		{8EF66955-059E-4A32-82EA-79C8E7A98961}.AppStore|x64.Deploy.0 = Release|x64
		{8EF66955-059E-4A32-82EA-79C8E7A98961}.AppStore|x86.ActiveCfg = Release|x86
		{8EF66955-059E-4A32-82EA-79C8E7A98961}.AppStore|x86.Build.0 = Release|x86
		{8EF66955-059E-4A32-82EA-79C8E7A98961}.AppStore|x86.Deploy.0 = Release|x86
		{8EF66955-059E-4A32-82EA-79C8E7A98961}.Debug|Any CPU.ActiveCfg = Debug|Any CPU
		{8EF66955-059E-4A32-82EA-79C8E7A98961}.Debug|Any CPU.Build.0 = Debug|Any CPU
		{8EF66955-059E-4A32-82EA-79C8E7A98961}.Debug|Any CPU.Deploy.0 = Debug|Any CPU
		{8EF66955-059E-4A32-82EA-79C8E7A98961}.Debug|ARM.ActiveCfg = Debug|ARM
		{8EF66955-059E-4A32-82EA-79C8E7A98961}.Debug|ARM.Build.0 = Debug|ARM
		{8EF66955-059E-4A32-82EA-79C8E7A98961}.Debug|ARM.Deploy.0 = Debug|ARM
		{8EF66955-059E-4A32-82EA-79C8E7A98961}.Debug|iPhone.ActiveCfg = Debug|Any CPU
		{8EF66955-059E-4A32-82EA-79C8E7A98961}.Debug|iPhone.Build.0 = Debug|Any CPU
		{8EF66955-059E-4A32-82EA-79C8E7A98961}.Debug|iPhone.Deploy.0 = Debug|Any CPU
		{8EF66955-059E-4A32-82EA-79C8E7A98961}.Debug|iPhoneSimulator.ActiveCfg = Debug|Any CPU
		{8EF66955-059E-4A32-82EA-79C8E7A98961}.Debug|iPhoneSimulator.Build.0 = Debug|Any CPU
		{8EF66955-059E-4A32-82EA-79C8E7A98961}.Debug|iPhoneSimulator.Deploy.0 = Debug|Any CPU
		{8EF66955-059E-4A32-82EA-79C8E7A98961}.Debug|x64.ActiveCfg = Debug|x64
		{8EF66955-059E-4A32-82EA-79C8E7A98961}.Debug|x64.Build.0 = Debug|x64
		{8EF66955-059E-4A32-82EA-79C8E7A98961}.Debug|x64.Deploy.0 = Debug|x64
		{8EF66955-059E-4A32-82EA-79C8E7A98961}.Debug|x86.ActiveCfg = Debug|x86
		{8EF66955-059E-4A32-82EA-79C8E7A98961}.Debug|x86.Build.0 = Debug|x86
		{8EF66955-059E-4A32-82EA-79C8E7A98961}.Debug|x86.Deploy.0 = Debug|x86
		{8EF66955-059E-4A32-82EA-79C8E7A98961}.Release|Any CPU.ActiveCfg = Release|Any CPU
		{8EF66955-059E-4A32-82EA-79C8E7A98961}.Release|Any CPU.Build.0 = Release|Any CPU
		{8EF66955-059E-4A32-82EA-79C8E7A98961}.Release|Any CPU.Deploy.0 = Release|Any CPU
		{8EF66955-059E-4A32-82EA-79C8E7A98961}.Release|ARM.ActiveCfg = Release|ARM
		{8EF66955-059E-4A32-82EA-79C8E7A98961}.Release|ARM.Build.0 = Release|ARM
		{8EF66955-059E-4A32-82EA-79C8E7A98961}.Release|ARM.Deploy.0 = Release|ARM
		{8EF66955-059E-4A32-82EA-79C8E7A98961}.Release|iPhone.ActiveCfg = Release|Any CPU
		{8EF66955-059E-4A32-82EA-79C8E7A98961}.Release|iPhone.Build.0 = Release|Any CPU
		{8EF66955-059E-4A32-82EA-79C8E7A98961}.Release|iPhone.Deploy.0 = Release|Any CPU
		{8EF66955-059E-4A32-82EA-79C8E7A98961}.Release|iPhoneSimulator.ActiveCfg = Release|Any CPU
		{8EF66955-059E-4A32-82EA-79C8E7A98961}.Release|iPhoneSimulator.Build.0 = Release|Any CPU
		{8EF66955-059E-4A32-82EA-79C8E7A98961}.Release|iPhoneSimulator.Deploy.0 = Release|Any CPU
		{8EF66955-059E-4A32-82EA-79C8E7A98961}.Release|x64.ActiveCfg = Release|x64
		{8EF66955-059E-4A32-82EA-79C8E7A98961}.Release|x64.Build.0 = Release|x64
		{8EF66955-059E-4A32-82EA-79C8E7A98961}.Release|x64.Deploy.0 = Release|x64
		{8EF66955-059E-4A32-82EA-79C8E7A98961}.Release|x86.ActiveCfg = Release|x86
		{8EF66955-059E-4A32-82EA-79C8E7A98961}.Release|x86.Build.0 = Release|x86
		{8EF66955-059E-4A32-82EA-79C8E7A98961}.Release|x86.Deploy.0 = Release|x86
		{90A47197-5387-43AB-B3B9-B75942607841}.Ad-Hoc|Any CPU.ActiveCfg = Release|Any CPU
		{90A47197-5387-43AB-B3B9-B75942607841}.Ad-Hoc|Any CPU.Build.0 = Release|Any CPU
		{90A47197-5387-43AB-B3B9-B75942607841}.Ad-Hoc|ARM.ActiveCfg = Release|Any CPU
		{90A47197-5387-43AB-B3B9-B75942607841}.Ad-Hoc|ARM.Build.0 = Release|Any CPU
		{90A47197-5387-43AB-B3B9-B75942607841}.Ad-Hoc|iPhone.ActiveCfg = Release|Any CPU
		{90A47197-5387-43AB-B3B9-B75942607841}.Ad-Hoc|iPhone.Build.0 = Release|Any CPU
		{90A47197-5387-43AB-B3B9-B75942607841}.Ad-Hoc|iPhoneSimulator.ActiveCfg = Release|Any CPU
		{90A47197-5387-43AB-B3B9-B75942607841}.Ad-Hoc|iPhoneSimulator.Build.0 = Release|Any CPU
		{90A47197-5387-43AB-B3B9-B75942607841}.Ad-Hoc|x64.ActiveCfg = Release|Any CPU
		{90A47197-5387-43AB-B3B9-B75942607841}.Ad-Hoc|x64.Build.0 = Release|Any CPU
		{90A47197-5387-43AB-B3B9-B75942607841}.Ad-Hoc|x86.ActiveCfg = Release|Any CPU
		{90A47197-5387-43AB-B3B9-B75942607841}.Ad-Hoc|x86.Build.0 = Release|Any CPU
		{90A47197-5387-43AB-B3B9-B75942607841}.AppStore|Any CPU.ActiveCfg = Release|Any CPU
		{90A47197-5387-43AB-B3B9-B75942607841}.AppStore|Any CPU.Build.0 = Release|Any CPU
		{90A47197-5387-43AB-B3B9-B75942607841}.AppStore|ARM.ActiveCfg = Release|Any CPU
		{90A47197-5387-43AB-B3B9-B75942607841}.AppStore|ARM.Build.0 = Release|Any CPU
		{90A47197-5387-43AB-B3B9-B75942607841}.AppStore|iPhone.ActiveCfg = Release|Any CPU
		{90A47197-5387-43AB-B3B9-B75942607841}.AppStore|iPhone.Build.0 = Release|Any CPU
		{90A47197-5387-43AB-B3B9-B75942607841}.AppStore|iPhoneSimulator.ActiveCfg = Release|Any CPU
		{90A47197-5387-43AB-B3B9-B75942607841}.AppStore|iPhoneSimulator.Build.0 = Release|Any CPU
		{90A47197-5387-43AB-B3B9-B75942607841}.AppStore|x64.ActiveCfg = Release|Any CPU
		{90A47197-5387-43AB-B3B9-B75942607841}.AppStore|x64.Build.0 = Release|Any CPU
		{90A47197-5387-43AB-B3B9-B75942607841}.AppStore|x86.ActiveCfg = Release|Any CPU
		{90A47197-5387-43AB-B3B9-B75942607841}.AppStore|x86.Build.0 = Release|Any CPU
		{90A47197-5387-43AB-B3B9-B75942607841}.Debug|Any CPU.ActiveCfg = Debug|Any CPU
		{90A47197-5387-43AB-B3B9-B75942607841}.Debug|Any CPU.Build.0 = Debug|Any CPU
		{90A47197-5387-43AB-B3B9-B75942607841}.Debug|ARM.ActiveCfg = Debug|Any CPU
		{90A47197-5387-43AB-B3B9-B75942607841}.Debug|ARM.Build.0 = Debug|Any CPU
		{90A47197-5387-43AB-B3B9-B75942607841}.Debug|iPhone.ActiveCfg = Debug|Any CPU
		{90A47197-5387-43AB-B3B9-B75942607841}.Debug|iPhone.Build.0 = Debug|Any CPU
		{90A47197-5387-43AB-B3B9-B75942607841}.Debug|iPhoneSimulator.ActiveCfg = Debug|Any CPU
		{90A47197-5387-43AB-B3B9-B75942607841}.Debug|iPhoneSimulator.Build.0 = Debug|Any CPU
		{90A47197-5387-43AB-B3B9-B75942607841}.Debug|x64.ActiveCfg = Debug|Any CPU
		{90A47197-5387-43AB-B3B9-B75942607841}.Debug|x64.Build.0 = Debug|Any CPU
		{90A47197-5387-43AB-B3B9-B75942607841}.Debug|x86.ActiveCfg = Debug|Any CPU
		{90A47197-5387-43AB-B3B9-B75942607841}.Debug|x86.Build.0 = Debug|Any CPU
		{90A47197-5387-43AB-B3B9-B75942607841}.Release|Any CPU.ActiveCfg = Release|Any CPU
		{90A47197-5387-43AB-B3B9-B75942607841}.Release|Any CPU.Build.0 = Release|Any CPU
		{90A47197-5387-43AB-B3B9-B75942607841}.Release|ARM.ActiveCfg = Release|Any CPU
		{90A47197-5387-43AB-B3B9-B75942607841}.Release|ARM.Build.0 = Release|Any CPU
		{90A47197-5387-43AB-B3B9-B75942607841}.Release|iPhone.ActiveCfg = Release|Any CPU
		{90A47197-5387-43AB-B3B9-B75942607841}.Release|iPhone.Build.0 = Release|Any CPU
		{90A47197-5387-43AB-B3B9-B75942607841}.Release|iPhoneSimulator.ActiveCfg = Release|Any CPU
		{90A47197-5387-43AB-B3B9-B75942607841}.Release|iPhoneSimulator.Build.0 = Release|Any CPU
		{90A47197-5387-43AB-B3B9-B75942607841}.Release|x64.ActiveCfg = Release|Any CPU
		{90A47197-5387-43AB-B3B9-B75942607841}.Release|x64.Build.0 = Release|Any CPU
		{90A47197-5387-43AB-B3B9-B75942607841}.Release|x86.ActiveCfg = Release|Any CPU
		{90A47197-5387-43AB-B3B9-B75942607841}.Release|x86.Build.0 = Release|Any CPU
	EndGlobalSection
	GlobalSection(SolutionProperties) = preSolution
		HideSolutionNode = FALSE
	EndGlobalSection
EndGlobal
